
Microsoft Visual Studio Solution File, Format Version 12.00
# Visual Studio Version 17
VisualStudioVersion = 17.13.35825.156 d17.13
MinimumVisualStudioVersion = 10.0.40219.1
Project("{FAE04EC0-301F-11D3-BF4B-00C04F79EFBC}") = "AiChatAPI", "AiChatAPI.csproj", "{07A08152-86C6-4950-B52D-8B4190433ADF}"
EndProject
Global
	GlobalSection(SolutionConfigurationPlatforms) = preSolution
		Debug|Any CPU = Debug|Any CPU
		Release|Any CPU = Release|Any CPU
	EndGlobalSection
	GlobalSection(ProjectConfigurationPlatforms) = postSolution
		{07A08152-86C6-4950-B52D-8B4190433ADF}.Debug|Any CPU.ActiveCfg = Debug|Any CPU
		{07A08152-86C6-4950-B52D-8B4190433ADF}.Debug|Any CPU.Build.0 = Debug|Any CPU
		{07A08152-86C6-4950-B52D-8B4190433ADF}.Release|Any CPU.ActiveCfg = Release|Any CPU
		{07A08152-86C6-4950-B52D-8B4190433ADF}.Release|Any CPU.Build.0 = Release|Any CPU
	EndGlobalSection
	GlobalSection(SolutionProperties) = preSolution
		HideSolutionNode = FALSE
	EndGlobalSection
	GlobalSection(ExtensibilityGlobals) = postSolution
		SolutionGuid = {9B0F3649-F1A3-401D-B320-4C0316CBCE07}
	EndGlobalSection
EndGlobal
